
Microsoft Visual Studio Solution File, Format Version 12.00
# Visual Studio Version 17
VisualStudioVersion = 17.6.33829.357
MinimumVisualStudioVersion = 10.0.40219.1
Project("{FAE04EC0-301F-11D3-BF4B-00C04F79EFBC}") = "productbuyer", "productbuyer\productbuyer.csproj", "{0A9D2EBF-AD09-4204-B457-FE7F4F1E092A}"
EndProject
Global
	GlobalSection(SolutionConfigurationPlatforms) = preSolution
		Debug|Any CPU = Debug|Any CPU
		Release|Any CPU = Release|Any CPU
	EndGlobalSection
	GlobalSection(ProjectConfigurationPlatforms) = postSolution
		{0A9D2EBF-AD09-4204-B457-FE7F4F1E092A}.Debug|Any CPU.ActiveCfg = Debug|Any CPU
		{0A9D2EBF-AD09-4204-B457-FE7F4F1E092A}.Debug|Any CPU.Build.0 = Debug|Any CPU
		{0A9D2EBF-AD09-4204-B457-FE7F4F1E092A}.Release|Any CPU.ActiveCfg = Release|Any CPU
		{0A9D2EBF-AD09-4204-B457-FE7F4F1E092A}.Release|Any CPU.Build.0 = Release|Any CPU
	EndGlobalSection
	GlobalSection(SolutionProperties) = preSolution
		HideSolutionNode = FALSE
	EndGlobalSection
	GlobalSection(ExtensibilityGlobals) = postSolution
		SolutionGuid = {26600D34-8E0D-4C03-8B17-E79C858E8D84}
	EndGlobalSection
EndGlobal
